
Microsoft Visual Studio Solution File, Format Version 12.00
# Visual Studio Version 16
VisualStudioVersion = 16.0.31624.102
MinimumVisualStudioVersion = 10.0.40219.1
Project("{FAE04EC0-301F-11D3-BF4B-00C04F79EFBC}") = "SimpleGrupparbete6", "SimpleGrupparbete6.csproj", "{C3032FA5-CF8C-4DE2-97E5-CEEBA91501EC}"
EndProject
Global
	GlobalSection(SolutionConfigurationPlatforms) = preSolution
		Debug|Any CPU = Debug|Any CPU
		Release|Any CPU = Release|Any CPU
	EndGlobalSection
	GlobalSection(ProjectConfigurationPlatforms) = postSolution
		{C3032FA5-CF8C-4DE2-97E5-CEEBA91501EC}.Debug|Any CPU.ActiveCfg = Debug|Any CPU
		{C3032FA5-CF8C-4DE2-97E5-CEEBA91501EC}.Debug|Any CPU.Build.0 = Debug|Any CPU
		{C3032FA5-CF8C-4DE2-97E5-CEEBA91501EC}.Release|Any CPU.ActiveCfg = Release|Any CPU
		{C3032FA5-CF8C-4DE2-97E5-CEEBA91501EC}.Release|Any CPU.Build.0 = Release|Any CPU
	EndGlobalSection
	GlobalSection(SolutionProperties) = preSolution
		HideSolutionNode = FALSE
	EndGlobalSection
	GlobalSection(ExtensibilityGlobals) = postSolution
		SolutionGuid = {500F8F47-1147-4006-8C87-743214FA4C9C}
	EndGlobalSection
EndGlobal
